
Microsoft Visual Studio Solution File, Format Version 12.00
# Visual Studio Version 16
VisualStudioVersion = 16.0.30523.141
MinimumVisualStudioVersion = 10.0.40219.1
Project("{8BC9CEB8-8B4A-11D0-8D11-00A0C91BC942}") = "CPU_RENDERER_V2", "CPU_RENDERER_V2.vcxproj", "{83410728-ED54-408F-B7CD-56FA3FF9FDD0}"
	ProjectSection(ProjectDependencies) = postProject
		{EDA0E325-37D0-4737-A15B-C75C432BD9AF} = {EDA0E325-37D0-4737-A15B-C75C432BD9AF}
		{F19DE39E-3A11-4D08-A39A-D331D23D04ED} = {F19DE39E-3A11-4D08-A39A-D331D23D04ED}
		{93555DDC-DDF1-4020-9F03-0957F7BAF7B7} = {93555DDC-DDF1-4020-9F03-0957F7BAF7B7}
	EndProjectSection
EndProject
Project("{8BC9CEB8-8B4A-11D0-8D11-00A0C91BC942}") = "mathutil", "mathutil\msvc\mathutil.vcxproj", "{93555DDC-DDF1-4020-9F03-0957F7BAF7B7}"
EndProject
Project("{8BC9CEB8-8B4A-11D0-8D11-00A0C91BC942}") = "dictionary", "C_dict\msvc\dictionary.vcxproj", "{F19DE39E-3A11-4D08-A39A-D331D23D04ED}"
EndProject
Project("{8BC9CEB8-8B4A-11D0-8D11-00A0C91BC942}") = "rttimer", "rttimer\msvc\rttimer.vcxproj", "{EDA0E325-37D0-4737-A15B-C75C432BD9AF}"
EndProject
Global
	GlobalSection(SolutionConfigurationPlatforms) = preSolution
		Debug|x64 = Debug|x64
		Debug|x86 = Debug|x86
		Release|x64 = Release|x64
		Release|x86 = Release|x86
	EndGlobalSection
	GlobalSection(ProjectConfigurationPlatforms) = postSolution
		{83410728-ED54-408F-B7CD-56FA3FF9FDD0}.Debug|x64.ActiveCfg = Debug|x64
		{83410728-ED54-408F-B7CD-56FA3FF9FDD0}.Debug|x64.Build.0 = Debug|x64
		{83410728-ED54-408F-B7CD-56FA3FF9FDD0}.Debug|x86.ActiveCfg = Debug|Win32
		{83410728-ED54-408F-B7CD-56FA3FF9FDD0}.Debug|x86.Build.0 = Debug|Win32
		{83410728-ED54-408F-B7CD-56FA3FF9FDD0}.Release|x64.ActiveCfg = Release|x64
		{83410728-ED54-408F-B7CD-56FA3FF9FDD0}.Release|x64.Build.0 = Release|x64
		{83410728-ED54-408F-B7CD-56FA3FF9FDD0}.Release|x86.ActiveCfg = Release|Win32
		{83410728-ED54-408F-B7CD-56FA3FF9FDD0}.Release|x86.Build.0 = Release|Win32
		{93555DDC-DDF1-4020-9F03-0957F7BAF7B7}.Debug|x64.ActiveCfg = Debug|x64
		{93555DDC-DDF1-4020-9F03-0957F7BAF7B7}.Debug|x64.Build.0 = Debug|x64
		{93555DDC-DDF1-4020-9F03-0957F7BAF7B7}.Debug|x86.ActiveCfg = Debug|Win32
		{93555DDC-DDF1-4020-9F03-0957F7BAF7B7}.Debug|x86.Build.0 = Debug|Win32
		{93555DDC-DDF1-4020-9F03-0957F7BAF7B7}.Release|x64.ActiveCfg = Release|x64
		{93555DDC-DDF1-4020-9F03-0957F7BAF7B7}.Release|x64.Build.0 = Release|x64
		{93555DDC-DDF1-4020-9F03-0957F7BAF7B7}.Release|x86.ActiveCfg = Release|Win32
		{93555DDC-DDF1-4020-9F03-0957F7BAF7B7}.Release|x86.Build.0 = Release|Win32
		{F19DE39E-3A11-4D08-A39A-D331D23D04ED}.Debug|x64.ActiveCfg = Debug|x64
		{F19DE39E-3A11-4D08-A39A-D331D23D04ED}.Debug|x64.Build.0 = Debug|x64
		{F19DE39E-3A11-4D08-A39A-D331D23D04ED}.Debug|x86.ActiveCfg = Debug|Win32
		{F19DE39E-3A11-4D08-A39A-D331D23D04ED}.Debug|x86.Build.0 = Debug|Win32
		{F19DE39E-3A11-4D08-A39A-D331D23D04ED}.Release|x64.ActiveCfg = Release|x64
		{F19DE39E-3A11-4D08-A39A-D331D23D04ED}.Release|x64.Build.0 = Release|x64
		{F19DE39E-3A11-4D08-A39A-D331D23D04ED}.Release|x86.ActiveCfg = Release|Win32
		{F19DE39E-3A11-4D08-A39A-D331D23D04ED}.Release|x86.Build.0 = Release|Win32
		{EDA0E325-37D0-4737-A15B-C75C432BD9AF}.Debug|x64.ActiveCfg = Debug|x64
		{EDA0E325-37D0-4737-A15B-C75C432BD9AF}.Debug|x64.Build.0 = Debug|x64
		{EDA0E325-37D0-4737-A15B-C75C432BD9AF}.Debug|x86.ActiveCfg = Debug|Win32
		{EDA0E325-37D0-4737-A15B-C75C432BD9AF}.Debug|x86.Build.0 = Debug|Win32
		{EDA0E325-37D0-4737-A15B-C75C432BD9AF}.Release|x64.ActiveCfg = Release|x64
		{EDA0E325-37D0-4737-A15B-C75C432BD9AF}.Release|x64.Build.0 = Release|x64
		{EDA0E325-37D0-4737-A15B-C75C432BD9AF}.Release|x86.ActiveCfg = Release|Win32
		{EDA0E325-37D0-4737-A15B-C75C432BD9AF}.Release|x86.Build.0 = Release|Win32
	EndGlobalSection
	GlobalSection(SolutionProperties) = preSolution
		HideSolutionNode = FALSE
	EndGlobalSection
	GlobalSection(ExtensibilityGlobals) = postSolution
		SolutionGuid = {73B588C1-3406-4608-9EDC-2942AE1578BC}
	EndGlobalSection
EndGlobal
